<?xml version="1.0" encoding="UTF-8" standalone="yes" ?>
<CodeBlocks_project_file>
	<FileVersion major="1" minor="6" />
	<Project>
		<Option title="laberintos-y-fantasmas" />
		<Option pch_mode="2" />
		<Option compiler="gcc" />
		<Build>
			<Target title="Debug">
				<Option output="bin/Debug/laberintos-y-fantasmas" prefix_auto="1" extension_auto="1" />
				<Option object_output="obj/Debug/" />
				<Option type="1" />
				<Option compiler="gcc" />
				<Compiler>
					<Add option="-g" />
				</Compiler>
				<Linker>
					<Add library="ws2_32" />
				</Linker>
			</Target>
			<Target title="Release">
				<Option output="bin/Release/laberintos-y-fantasmas" prefix_auto="1" extension_auto="1" />
				<Option object_output="obj/Release/" />
				<Option type="1" />
				<Option compiler="gcc" />
				<Compiler>
					<Add option="-O2" />
				</Compiler>
				<Linker>
					<Add option="-s" />
				</Linker>
			</Target>
		</Build>
		<Compiler>
			<Add option="-Wall" />
		</Compiler>
		<Unit filename="codigosRet.h" />
		<Unit filename="estructuras_cola.c">
			<Option compilerVar="CC" />
		</Unit>
		<Unit filename="estructuras_cola.h" />
		<Unit filename="estructuras_comun.h" />
		<Unit filename="estructuras_lista.c">
			<Option compilerVar="CC" />
		</Unit>
		<Unit filename="estructuras_lista.h" />
		<Unit filename="estructuras_pila.c">
			<Option compilerVar="CC" />
		</Unit>
		<Unit filename="estructuras_pila.h" />
		<Unit filename="generico.h" />
		<Unit filename="interno_cliente.c">
			<Option compilerVar="CC" />
		</Unit>
		<Unit filename="interno_cliente.h" />
		<Unit filename="interno_fantasma.c">
			<Option compilerVar="CC" />
		</Unit>
		<Unit filename="interno_fantasma.h" />
		<Unit filename="interno_jugador.c">
			<Option compilerVar="CC" />
		</Unit>
		<Unit filename="interno_jugador.h" />
		<Unit filename="interno_laberinto.c">
			<Option compilerVar="CC" />
		</Unit>
		<Unit filename="interno_laberinto.h" />
		<Unit filename="interno_matriz.c">
			<Option compilerVar="CC" />
		</Unit>
		<Unit filename="interno_matriz.h" />
		<Unit filename="juego.c">
			<Option compilerVar="CC" />
		</Unit>
		<Unit filename="juego.h" />
		<Unit filename="main.c">
			<Option compilerVar="CC" />
		</Unit>
		<Unit filename="principal_archivo.c">
			<Option compilerVar="CC" />
		</Unit>
		<Unit filename="principal_archivo.h" />
		<Unit filename="principal_menu.c">
			<Option compilerVar="CC" />
		</Unit>
		<Unit filename="principal_menu.h" />
		<Unit filename="principal_partida.c">
			<Option compilerVar="CC" />
		</Unit>
		<Unit filename="principal_partida.h" />
		<Extensions>
			<lib_finder disable_auto="1" />
		</Extensions>
	</Project>
</CodeBlocks_project_file>
